
Microsoft Visual Studio Solution File, Format Version 12.00
# Visual Studio Version 17
VisualStudioVersion = 17.1.32210.238
MinimumVisualStudioVersion = 10.0.40219.1
Project("{FAE04EC0-301F-11D3-BF4B-00C04F79EFBC}") = "ExpensesTrackerApp", "ExpensesTrackerApp\ExpensesTrackerApp.csproj", "{4143FB9B-3EB6-4BDF-8424-D5A84DC3C762}"
EndProject
Global
	GlobalSection(SolutionConfigurationPlatforms) = preSolution
		Debug|Any CPU = Debug|Any CPU
		Release|Any CPU = Release|Any CPU
	EndGlobalSection
	GlobalSection(ProjectConfigurationPlatforms) = postSolution
		{4143FB9B-3EB6-4BDF-8424-D5A84DC3C762}.Debug|Any CPU.ActiveCfg = Debug|Any CPU
		{4143FB9B-3EB6-4BDF-8424-D5A84DC3C762}.Debug|Any CPU.Build.0 = Debug|Any CPU
		{4143FB9B-3EB6-4BDF-8424-D5A84DC3C762}.Release|Any CPU.ActiveCfg = Release|Any CPU
		{4143FB9B-3EB6-4BDF-8424-D5A84DC3C762}.Release|Any CPU.Build.0 = Release|Any CPU
	EndGlobalSection
	GlobalSection(SolutionProperties) = preSolution
		HideSolutionNode = FALSE
	EndGlobalSection
	GlobalSection(ExtensibilityGlobals) = postSolution
		SolutionGuid = {1A1F8F46-DA82-4B74-8C9C-0D7EF3C78587}
	EndGlobalSection
EndGlobal
